
Microsoft Visual Studio Solution File, Format Version 12.00
# Visual Studio 2013
VisualStudioVersion = 12.0.21005.1
MinimumVisualStudioVersion = 10.0.40219.1
Project("{FAE04EC0-301F-11D3-BF4B-00C04F79EFBC}") = "StudentsApp", "StudentsApp\StudentsApp.csproj", "{6AB31F71-C30C-45D2-B121-C66A2F85DF78}"
EndProject
Global
	GlobalSection(SolutionConfigurationPlatforms) = preSolution
		Debug|Any CPU = Debug|Any CPU
		Release|Any CPU = Release|Any CPU
	EndGlobalSection
	GlobalSection(ProjectConfigurationPlatforms) = postSolution
		{6AB31F71-C30C-45D2-B121-C66A2F85DF78}.Debug|Any CPU.ActiveCfg = Debug|Any CPU
		{6AB31F71-C30C-45D2-B121-C66A2F85DF78}.Debug|Any CPU.Build.0 = Debug|Any CPU
		{6AB31F71-C30C-45D2-B121-C66A2F85DF78}.Release|Any CPU.ActiveCfg = Release|Any CPU
		{6AB31F71-C30C-45D2-B121-C66A2F85DF78}.Release|Any CPU.Build.0 = Release|Any CPU
	EndGlobalSection
	GlobalSection(SolutionProperties) = preSolution
		HideSolutionNode = FALSE
	EndGlobalSection
EndGlobal
